
Microsoft Visual Studio Solution File, Format Version 12.00
# Visual Studio Version 16
VisualStudioVersion = 16.0.30717.126
MinimumVisualStudioVersion = 10.0.40219.1
Project("{FAE04EC0-301F-11D3-BF4B-00C04F79EFBC}") = "Common", "Common\Common.csproj", "{2FC68163-5259-4EC4-B0CB-F255FE9E7E3F}"
EndProject
Project("{2150E333-8FDC-42A3-9474-1A3956D46DE8}") = "01", "01", "{255BA15C-38B8-4B90-8618-42A43E3AD3F7}"
	ProjectSection(SolutionItems) = preProject
		01\input.txt = 01\input.txt
	EndProjectSection
EndProject
Project("{2150E333-8FDC-42A3-9474-1A3956D46DE8}") = "02", "02", "{F3B59F76-F404-4216-A9A4-669E6E0D2D02}"
EndProject
Project("{2150E333-8FDC-42A3-9474-1A3956D46DE8}") = "03", "03", "{EF9E652B-67BC-47FA-8BB3-120F8658C989}"
EndProject
Project("{FAE04EC0-301F-11D3-BF4B-00C04F79EFBC}") = "Day01Part1", "01\Part1\Day01Part1.csproj", "{08030A7D-659C-4BAF-B784-4BA233C6D04E}"
EndProject
Project("{FAE04EC0-301F-11D3-BF4B-00C04F79EFBC}") = "Day01Part2", "01\Part2\Day01Part2.csproj", "{633D8142-0AF9-45C0-A744-FCEFD6C4377F}"
EndProject
Project("{FAE04EC0-301F-11D3-BF4B-00C04F79EFBC}") = "Day02Part1", "02\Day02Part1\Day02Part1.csproj", "{07C7F250-73F6-40CD-83BD-074A50A36A79}"
EndProject
Project("{FAE04EC0-301F-11D3-BF4B-00C04F79EFBC}") = "Day02Part2", "02\Day02Part2\Day02Part2.csproj", "{453A1053-62A6-459A-9053-B5CE0F640370}"
EndProject
Project("{FAE04EC0-301F-11D3-BF4B-00C04F79EFBC}") = "Day03Part1", "03\Day03Part1\Day03Part1.csproj", "{0C318D17-3559-4384-9D18-BA1B0F60F158}"
EndProject
Project("{FAE04EC0-301F-11D3-BF4B-00C04F79EFBC}") = "Day03Part2", "03\Day03Part2\Day03Part2.csproj", "{3FBD9D72-A8CF-48B1-81BC-A8B4B2BD2DE5}"
EndProject
Global
	GlobalSection(SolutionConfigurationPlatforms) = preSolution
		Debug|Any CPU = Debug|Any CPU
		Release|Any CPU = Release|Any CPU
	EndGlobalSection
	GlobalSection(ProjectConfigurationPlatforms) = postSolution
		{2FC68163-5259-4EC4-B0CB-F255FE9E7E3F}.Debug|Any CPU.ActiveCfg = Debug|Any CPU
		{2FC68163-5259-4EC4-B0CB-F255FE9E7E3F}.Debug|Any CPU.Build.0 = Debug|Any CPU
		{2FC68163-5259-4EC4-B0CB-F255FE9E7E3F}.Release|Any CPU.ActiveCfg = Release|Any CPU
		{2FC68163-5259-4EC4-B0CB-F255FE9E7E3F}.Release|Any CPU.Build.0 = Release|Any CPU
		{08030A7D-659C-4BAF-B784-4BA233C6D04E}.Debug|Any CPU.ActiveCfg = Debug|Any CPU
		{08030A7D-659C-4BAF-B784-4BA233C6D04E}.Debug|Any CPU.Build.0 = Debug|Any CPU
		{08030A7D-659C-4BAF-B784-4BA233C6D04E}.Release|Any CPU.ActiveCfg = Release|Any CPU
		{08030A7D-659C-4BAF-B784-4BA233C6D04E}.Release|Any CPU.Build.0 = Release|Any CPU
		{633D8142-0AF9-45C0-A744-FCEFD6C4377F}.Debug|Any CPU.ActiveCfg = Debug|Any CPU
		{633D8142-0AF9-45C0-A744-FCEFD6C4377F}.Debug|Any CPU.Build.0 = Debug|Any CPU
		{633D8142-0AF9-45C0-A744-FCEFD6C4377F}.Release|Any CPU.ActiveCfg = Release|Any CPU
		{633D8142-0AF9-45C0-A744-FCEFD6C4377F}.Release|Any CPU.Build.0 = Release|Any CPU
		{07C7F250-73F6-40CD-83BD-074A50A36A79}.Debug|Any CPU.ActiveCfg = Debug|Any CPU
		{07C7F250-73F6-40CD-83BD-074A50A36A79}.Debug|Any CPU.Build.0 = Debug|Any CPU
		{07C7F250-73F6-40CD-83BD-074A50A36A79}.Release|Any CPU.ActiveCfg = Release|Any CPU
		{07C7F250-73F6-40CD-83BD-074A50A36A79}.Release|Any CPU.Build.0 = Release|Any CPU
		{453A1053-62A6-459A-9053-B5CE0F640370}.Debug|Any CPU.ActiveCfg = Debug|Any CPU
		{453A1053-62A6-459A-9053-B5CE0F640370}.Debug|Any CPU.Build.0 = Debug|Any CPU
		{453A1053-62A6-459A-9053-B5CE0F640370}.Release|Any CPU.ActiveCfg = Release|Any CPU
		{453A1053-62A6-459A-9053-B5CE0F640370}.Release|Any CPU.Build.0 = Release|Any CPU
		{0C318D17-3559-4384-9D18-BA1B0F60F158}.Debug|Any CPU.ActiveCfg = Debug|Any CPU
		{0C318D17-3559-4384-9D18-BA1B0F60F158}.Debug|Any CPU.Build.0 = Debug|Any CPU
		{0C318D17-3559-4384-9D18-BA1B0F60F158}.Release|Any CPU.ActiveCfg = Release|Any CPU
		{0C318D17-3559-4384-9D18-BA1B0F60F158}.Release|Any CPU.Build.0 = Release|Any CPU
		{3FBD9D72-A8CF-48B1-81BC-A8B4B2BD2DE5}.Debug|Any CPU.ActiveCfg = Debug|Any CPU
		{3FBD9D72-A8CF-48B1-81BC-A8B4B2BD2DE5}.Debug|Any CPU.Build.0 = Debug|Any CPU
		{3FBD9D72-A8CF-48B1-81BC-A8B4B2BD2DE5}.Release|Any CPU.ActiveCfg = Release|Any CPU
		{3FBD9D72-A8CF-48B1-81BC-A8B4B2BD2DE5}.Release|Any CPU.Build.0 = Release|Any CPU
	EndGlobalSection
	GlobalSection(SolutionProperties) = preSolution
		HideSolutionNode = FALSE
	EndGlobalSection
	GlobalSection(NestedProjects) = preSolution
		{08030A7D-659C-4BAF-B784-4BA233C6D04E} = {255BA15C-38B8-4B90-8618-42A43E3AD3F7}
		{633D8142-0AF9-45C0-A744-FCEFD6C4377F} = {255BA15C-38B8-4B90-8618-42A43E3AD3F7}
		{07C7F250-73F6-40CD-83BD-074A50A36A79} = {F3B59F76-F404-4216-A9A4-669E6E0D2D02}
		{453A1053-62A6-459A-9053-B5CE0F640370} = {F3B59F76-F404-4216-A9A4-669E6E0D2D02}
		{0C318D17-3559-4384-9D18-BA1B0F60F158} = {EF9E652B-67BC-47FA-8BB3-120F8658C989}
		{3FBD9D72-A8CF-48B1-81BC-A8B4B2BD2DE5} = {EF9E652B-67BC-47FA-8BB3-120F8658C989}
	EndGlobalSection
	GlobalSection(ExtensibilityGlobals) = postSolution
		SolutionGuid = {8C33CC71-BF1D-443D-BA04-CB860434A3DE}
	EndGlobalSection
EndGlobal
