
Microsoft Visual Studio Solution File, Format Version 12.00
# Visual Studio Version 16
VisualStudioVersion = 16.0.30717.126
MinimumVisualStudioVersion = 10.0.40219.1
Project("{9A19103F-16F7-4668-BE54-9A1E7A4F7556}") = "Common", "Common\Common.csproj", "{2FC68163-5259-4EC4-B0CB-F255FE9E7E3F}"
EndProject
Project("{2150E333-8FDC-42A3-9474-1A3956D46DE8}") = "Day01", "Day01", "{255BA15C-38B8-4B90-8618-42A43E3AD3F7}"
	ProjectSection(SolutionItems) = preProject
		Day01\input.txt = Day01\input.txt
	EndProjectSection
EndProject
Project("{2150E333-8FDC-42A3-9474-1A3956D46DE8}") = "Day02", "Day02", "{F3B59F76-F404-4216-A9A4-669E6E0D2D02}"
	ProjectSection(SolutionItems) = preProject
		Day02\input.txt = Day02\input.txt
	EndProjectSection
EndProject
Project("{2150E333-8FDC-42A3-9474-1A3956D46DE8}") = "Day03", "Day03", "{EF9E652B-67BC-47FA-8BB3-120F8658C989}"
	ProjectSection(SolutionItems) = preProject
		Day03\input.txt = Day03\input.txt
	EndProjectSection
EndProject
Project("{9A19103F-16F7-4668-BE54-9A1E7A4F7556}") = "Day01Part1", "Day01\Day01Part1\Day01Part1.csproj", "{8C97E100-1332-42DA-A4A7-5742A47EEB67}"
EndProject
Project("{9A19103F-16F7-4668-BE54-9A1E7A4F7556}") = "Day01Part2", "Day01\Day01Part2\Day01Part2.csproj", "{91C46364-611C-45FF-A3CB-F73A56381AAB}"
EndProject
Project("{9A19103F-16F7-4668-BE54-9A1E7A4F7556}") = "Day02Part1", "Day02\Day02Part1\Day02Part1.csproj", "{02274B53-5A23-42B0-8C24-57C43CC5C484}"
EndProject
Project("{9A19103F-16F7-4668-BE54-9A1E7A4F7556}") = "Day02Part2", "Day02\Day02Part2\Day02Part2.csproj", "{227D5DAE-94D7-4282-B337-6756D713581E}"
EndProject
Project("{9A19103F-16F7-4668-BE54-9A1E7A4F7556}") = "Day03Part1", "Day03\Day03Part1\Day03Part1.csproj", "{9774F41F-F438-49FD-A46F-D7966C5E2FA2}"
EndProject
Project("{9A19103F-16F7-4668-BE54-9A1E7A4F7556}") = "Day03Part2", "Day03\Day03Part2\Day03Part2.csproj", "{A8976B3C-D601-4955-930D-074F812A3AA0}"
EndProject
Global
	GlobalSection(SolutionConfigurationPlatforms) = preSolution
		Debug|Any CPU = Debug|Any CPU
		Release|Any CPU = Release|Any CPU
	EndGlobalSection
	GlobalSection(ProjectConfigurationPlatforms) = postSolution
		{2FC68163-5259-4EC4-B0CB-F255FE9E7E3F}.Debug|Any CPU.ActiveCfg = Debug|Any CPU
		{2FC68163-5259-4EC4-B0CB-F255FE9E7E3F}.Debug|Any CPU.Build.0 = Debug|Any CPU
		{2FC68163-5259-4EC4-B0CB-F255FE9E7E3F}.Release|Any CPU.ActiveCfg = Release|Any CPU
		{2FC68163-5259-4EC4-B0CB-F255FE9E7E3F}.Release|Any CPU.Build.0 = Release|Any CPU
		{8C97E100-1332-42DA-A4A7-5742A47EEB67}.Debug|Any CPU.ActiveCfg = Debug|Any CPU
		{8C97E100-1332-42DA-A4A7-5742A47EEB67}.Debug|Any CPU.Build.0 = Debug|Any CPU
		{8C97E100-1332-42DA-A4A7-5742A47EEB67}.Release|Any CPU.ActiveCfg = Release|Any CPU
		{8C97E100-1332-42DA-A4A7-5742A47EEB67}.Release|Any CPU.Build.0 = Release|Any CPU
		{91C46364-611C-45FF-A3CB-F73A56381AAB}.Debug|Any CPU.ActiveCfg = Debug|Any CPU
		{91C46364-611C-45FF-A3CB-F73A56381AAB}.Debug|Any CPU.Build.0 = Debug|Any CPU
		{91C46364-611C-45FF-A3CB-F73A56381AAB}.Release|Any CPU.ActiveCfg = Release|Any CPU
		{91C46364-611C-45FF-A3CB-F73A56381AAB}.Release|Any CPU.Build.0 = Release|Any CPU
		{02274B53-5A23-42B0-8C24-57C43CC5C484}.Debug|Any CPU.ActiveCfg = Debug|Any CPU
		{02274B53-5A23-42B0-8C24-57C43CC5C484}.Debug|Any CPU.Build.0 = Debug|Any CPU
		{02274B53-5A23-42B0-8C24-57C43CC5C484}.Release|Any CPU.ActiveCfg = Release|Any CPU
		{02274B53-5A23-42B0-8C24-57C43CC5C484}.Release|Any CPU.Build.0 = Release|Any CPU
		{227D5DAE-94D7-4282-B337-6756D713581E}.Debug|Any CPU.ActiveCfg = Debug|Any CPU
		{227D5DAE-94D7-4282-B337-6756D713581E}.Debug|Any CPU.Build.0 = Debug|Any CPU
		{227D5DAE-94D7-4282-B337-6756D713581E}.Release|Any CPU.ActiveCfg = Release|Any CPU
		{227D5DAE-94D7-4282-B337-6756D713581E}.Release|Any CPU.Build.0 = Release|Any CPU
		{9774F41F-F438-49FD-A46F-D7966C5E2FA2}.Debug|Any CPU.ActiveCfg = Debug|Any CPU
		{9774F41F-F438-49FD-A46F-D7966C5E2FA2}.Debug|Any CPU.Build.0 = Debug|Any CPU
		{9774F41F-F438-49FD-A46F-D7966C5E2FA2}.Release|Any CPU.ActiveCfg = Release|Any CPU
		{9774F41F-F438-49FD-A46F-D7966C5E2FA2}.Release|Any CPU.Build.0 = Release|Any CPU
		{A8976B3C-D601-4955-930D-074F812A3AA0}.Debug|Any CPU.ActiveCfg = Debug|Any CPU
		{A8976B3C-D601-4955-930D-074F812A3AA0}.Debug|Any CPU.Build.0 = Debug|Any CPU
		{A8976B3C-D601-4955-930D-074F812A3AA0}.Release|Any CPU.ActiveCfg = Release|Any CPU
		{A8976B3C-D601-4955-930D-074F812A3AA0}.Release|Any CPU.Build.0 = Release|Any CPU
	EndGlobalSection
	GlobalSection(SolutionProperties) = preSolution
		HideSolutionNode = FALSE
	EndGlobalSection
	GlobalSection(NestedProjects) = preSolution
		{8C97E100-1332-42DA-A4A7-5742A47EEB67} = {255BA15C-38B8-4B90-8618-42A43E3AD3F7}
		{91C46364-611C-45FF-A3CB-F73A56381AAB} = {255BA15C-38B8-4B90-8618-42A43E3AD3F7}
		{02274B53-5A23-42B0-8C24-57C43CC5C484} = {F3B59F76-F404-4216-A9A4-669E6E0D2D02}
		{227D5DAE-94D7-4282-B337-6756D713581E} = {F3B59F76-F404-4216-A9A4-669E6E0D2D02}
		{9774F41F-F438-49FD-A46F-D7966C5E2FA2} = {EF9E652B-67BC-47FA-8BB3-120F8658C989}
		{A8976B3C-D601-4955-930D-074F812A3AA0} = {EF9E652B-67BC-47FA-8BB3-120F8658C989}
	EndGlobalSection
	GlobalSection(ExtensibilityGlobals) = postSolution
		SolutionGuid = {8C33CC71-BF1D-443D-BA04-CB860434A3DE}
	EndGlobalSection
EndGlobal
